// !$*UTF8*$!
{
	archiveVersion = 1;
	classes = {
	};
	objectVersion = 50;
	objects = {

/* Begin PBXBuildFile section */
		F245DCE325054652009A717A /* AppDelegate.swift in Sources */ = {isa = PBXBuildFile; fileRef = F245DCE225054652009A717A /* AppDelegate.swift */; };
		F245DCE525054652009A717A /* GameScene.sks in Resources */ = {isa = PBXBuildFile; fileRef = F245DCE425054652009A717A /* GameScene.sks */; };
		F245DCE725054652009A717A /* Actions.sks in Resources */ = {isa = PBXBuildFile; fileRef = F245DCE625054652009A717A /* Actions.sks */; };
		F245DCE925054652009A717A /* GameScene.swift in Sources */ = {isa = PBXBuildFile; fileRef = F245DCE825054652009A717A /* GameScene.swift */; };
		F245DCEB25054652009A717A /* GameViewController.swift in Sources */ = {isa = PBXBuildFile; fileRef = F245DCEA25054652009A717A /* GameViewController.swift */; };
		F245DCEE25054652009A717A /* Main.storyboard in Resources */ = {isa = PBXBuildFile; fileRef = F245DCEC25054652009A717A /* Main.storyboard */; };
		F245DCF025054653009A717A /* Assets.xcassets in Resources */ = {isa = PBXBuildFile; fileRef = F245DCEF25054653009A717A /* Assets.xcassets */; };
		F245DCF325054653009A717A /* LaunchScreen.storyboard in Resources */ = {isa = PBXBuildFile; fileRef = F245DCF125054653009A717A /* LaunchScreen.storyboard */; };
		F245DCFD250549AE009A717A /* GameFunctions.swift in Sources */ = {isa = PBXBuildFile; fileRef = F245DCFC250549AE009A717A /* GameFunctions.swift */; };
		F245DCFF250549C3009A717A /* GameElements.swift in Sources */ = {isa = PBXBuildFile; fileRef = F245DCFE250549C3009A717A /* GameElements.swift */; };
		F2D437BC2505752000F290F7 /* Player.swift in Sources */ = {isa = PBXBuildFile; fileRef = F2D437BB2505752000F290F7 /* Player.swift */; };
		F2D437BE2505789900F290F7 /* Block.swift in Sources */ = {isa = PBXBuildFile; fileRef = F2D437BD2505789900F290F7 /* Block.swift */; };
		F2D437C02505791800F290F7 /* Wall.swift in Sources */ = {isa = PBXBuildFile; fileRef = F2D437BF2505791800F290F7 /* Wall.swift */; };
/* End PBXBuildFile section */

/* Begin PBXFileReference section */
		F245DCDF25054652009A717A /* Slider.app */ = {isa = PBXFileReference; explicitFileType = wrapper.application; includeInIndex = 0; path = Slider.app; sourceTree = BUILT_PRODUCTS_DIR; };
		F245DCE225054652009A717A /* AppDelegate.swift */ = {isa = PBXFileReference; lastKnownFileType = sourcecode.swift; path = AppDelegate.swift; sourceTree = "<group>"; };
		F245DCE425054652009A717A /* GameScene.sks */ = {isa = PBXFileReference; lastKnownFileType = file.sks; path = GameScene.sks; sourceTree = "<group>"; };
		F245DCE625054652009A717A /* Actions.sks */ = {isa = PBXFileReference; lastKnownFileType = file.sks; path = Actions.sks; sourceTree = "<group>"; };
		F245DCE825054652009A717A /* GameScene.swift */ = {isa = PBXFileReference; lastKnownFileType = sourcecode.swift; path = GameScene.swift; sourceTree = "<group>"; };
		F245DCEA25054652009A717A /* GameViewController.swift */ = {isa = PBXFileReference; lastKnownFileType = sourcecode.swift; path = GameViewController.swift; sourceTree = "<group>"; };
		F245DCED25054652009A717A /* Base */ = {isa = PBXFileReference; lastKnownFileType = file.storyboard; name = Base; path = Base.lproj/Main.storyboard; sourceTree = "<group>"; };
		F245DCEF25054653009A717A /* Assets.xcassets */ = {isa = PBXFileReference; lastKnownFileType = folder.assetcatalog; path = Assets.xcassets; sourceTree = "<group>"; };
		F245DCF225054653009A717A /* Base */ = {isa = PBXFileReference; lastKnownFileType = file.storyboard; name = Base; path = Base.lproj/LaunchScreen.storyboard; sourceTree = "<group>"; };
		F245DCF425054653009A717A /* Info.plist */ = {isa = PBXFileReference; lastKnownFileType = text.plist.xml; path = Info.plist; sourceTree = "<group>"; };
		F245DCFC250549AE009A717A /* GameFunctions.swift */ = {isa = PBXFileReference; lastKnownFileType = sourcecode.swift; path = GameFunctions.swift; sourceTree = "<group>"; };
		F245DCFE250549C3009A717A /* GameElements.swift */ = {isa = PBXFileReference; lastKnownFileType = sourcecode.swift; path = GameElements.swift; sourceTree = "<group>"; };
		F2D437BB2505752000F290F7 /* Player.swift */ = {isa = PBXFileReference; lastKnownFileType = sourcecode.swift; path = Player.swift; sourceTree = "<group>"; };
		F2D437BD2505789900F290F7 /* Block.swift */ = {isa = PBXFileReference; lastKnownFileType = sourcecode.swift; path = Block.swift; sourceTree = "<group>"; };
		F2D437BF2505791800F290F7 /* Wall.swift */ = {isa = PBXFileReference; lastKnownFileType = sourcecode.swift; path = Wall.swift; sourceTree = "<group>"; };
/* End PBXFileReference section */

/* Begin PBXFrameworksBuildPhase section */
		F245DCDC25054652009A717A /* Frameworks */ = {
			isa = PBXFrameworksBuildPhase;
			buildActionMask = 2147483647;
			files = (
			);
			runOnlyForDeploymentPostprocessing = 0;
		};
/* End PBXFrameworksBuildPhase section */

/* Begin PBXGroup section */
		F245DCD625054652009A717A = {
			isa = PBXGroup;
			children = (
				F245DCE125054652009A717A /* Slider */,
				F245DCE025054652009A717A /* Products */,
			);
			sourceTree = "<group>";
		};
		F245DCE025054652009A717A /* Products */ = {
			isa = PBXGroup;
			children = (
				F245DCDF25054652009A717A /* Slider.app */,
			);
			name = Products;
			sourceTree = "<group>";
		};
		F245DCE125054652009A717A /* Slider */ = {
			isa = PBXGroup;
			children = (
				F245DCE225054652009A717A /* AppDelegate.swift */,
				F245DCE625054652009A717A /* Actions.sks */,
				F2D437B8250574A500F290F7 /* Nodes */,
				F245DCFB2505499E009A717A /* Game Scenes */,
				F245DCFA25054987009A717A /* Game Controllers */,
				F245DCEA25054652009A717A /* GameViewController.swift */,
				F245DCEC25054652009A717A /* Main.storyboard */,
				F245DCEF25054653009A717A /* Assets.xcassets */,
				F245DCF125054653009A717A /* LaunchScreen.storyboard */,
				F245DCF425054653009A717A /* Info.plist */,
			);
			path = Slider;
			sourceTree = "<group>";
		};
		F245DCFA25054987009A717A /* Game Controllers */ = {
			isa = PBXGroup;
			children = (
				F245DCE825054652009A717A /* GameScene.swift */,
				F245DCFE250549C3009A717A /* GameElements.swift */,
				F245DCFC250549AE009A717A /* GameFunctions.swift */,
			);
			path = "Game Controllers";
			sourceTree = "<group>";
		};
		F245DCFB2505499E009A717A /* Game Scenes */ = {
			isa = PBXGroup;
			children = (
				F245DCE425054652009A717A /* GameScene.sks */,
			);
			path = "Game Scenes";
			sourceTree = "<group>";
		};
		F2D437B8250574A500F290F7 /* Nodes */ = {
			isa = PBXGroup;
			children = (
				F2D437BB2505752000F290F7 /* Player.swift */,
				F2D437BD2505789900F290F7 /* Block.swift */,
				F2D437BF2505791800F290F7 /* Wall.swift */,
			);
			path = Nodes;
			sourceTree = "<group>";
		};
/* End PBXGroup section */

/* Begin PBXNativeTarget section */
		F245DCDE25054652009A717A /* Slider */ = {
			isa = PBXNativeTarget;
			buildConfigurationList = F245DCF725054653009A717A /* Build configuration list for PBXNativeTarget "Slider" */;
			buildPhases = (
				F245DCDB25054652009A717A /* Sources */,
				F245DCDC25054652009A717A /* Frameworks */,
				F245DCDD25054652009A717A /* Resources */,
			);
			buildRules = (
			);
			dependencies = (
			);
			name = Slider;
			productName = Slider;
			productReference = F245DCDF25054652009A717A /* Slider.app */;
			productType = "com.apple.product-type.application";
		};
/* End PBXNativeTarget section */

/* Begin PBXProject section */
		F245DCD725054652009A717A /* Project object */ = {
			isa = PBXProject;
			attributes = {
				LastSwiftUpdateCheck = 1170;
				LastUpgradeCheck = 1170;
				ORGANIZATIONNAME = "Kim Nordin";
				TargetAttributes = {
					F245DCDE25054652009A717A = {
						CreatedOnToolsVersion = 11.7;
					};
				};
			};
			buildConfigurationList = F245DCDA25054652009A717A /* Build configuration list for PBXProject "Slider" */;
			compatibilityVersion = "Xcode 9.3";
			developmentRegion = en;
			hasScannedForEncodings = 0;
			knownRegions = (
				en,
				Base,
			);
			mainGroup = F245DCD625054652009A717A;
			productRefGroup = F245DCE025054652009A717A /* Products */;
			projectDirPath = "";
			projectRoot = "";
			targets = (
				F245DCDE25054652009A717A /* Slider */,
			);
		};
/* End PBXProject section */

/* Begin PBXResourcesBuildPhase section */
		F245DCDD25054652009A717A /* Resources */ = {
			isa = PBXResourcesBuildPhase;
			buildActionMask = 2147483647;
			files = (
				F245DCEE25054652009A717A /* Main.storyboard in Resources */,
				F245DCE525054652009A717A /* GameScene.sks in Resources */,
				F245DCF025054653009A717A /* Assets.xcassets in Resources */,
				F245DCF325054653009A717A /* LaunchScreen.storyboard in Resources */,
				F245DCE725054652009A717A /* Actions.sks in Resources */,
			);
			runOnlyForDeploymentPostprocessing = 0;
		};
/* End PBXResourcesBuildPhase section */

/* Begin PBXSourcesBuildPhase section */
		F245DCDB25054652009A717A /* Sources */ = {
			isa = PBXSourcesBuildPhase;
			buildActionMask = 2147483647;
			files = (
				F245DCFF250549C3009A717A /* GameElements.swift in Sources */,
				F2D437BE2505789900F290F7 /* Block.swift in Sources */,
				F245DCE925054652009A717A /* GameScene.swift in Sources */,
				F245DCFD250549AE009A717A /* GameFunctions.swift in Sources */,
				F245DCEB25054652009A717A /* GameViewController.swift in Sources */,
				F2D437C02505791800F290F7 /* Wall.swift in Sources */,
				F2D437BC2505752000F290F7 /* Player.swift in Sources */,
				F245DCE325054652009A717A /* AppDelegate.swift in Sources */,
			);
			runOnlyForDeploymentPostprocessing = 0;
		};
/* End PBXSourcesBuildPhase section */

/* Begin PBXVariantGroup section */
		F245DCEC25054652009A717A /* Main.storyboard */ = {
			isa = PBXVariantGroup;
			children = (
				F245DCED25054652009A717A /* Base */,
			);
			name = Main.storyboard;
			sourceTree = "<group>";
		};
		F245DCF125054653009A717A /* LaunchScreen.storyboard */ = {
			isa = PBXVariantGroup;
			children = (
				F245DCF225054653009A717A /* Base */,
			);
			name = LaunchScreen.storyboard;
			sourceTree = "<group>";
		};
/* End PBXVariantGroup section */

/* Begin XCBuildConfiguration section */
		F245DCF525054653009A717A /* Debug */ = {
			isa = XCBuildConfiguration;
			buildSettings = {
				ALWAYS_SEARCH_USER_PATHS = NO;
				CLANG_ANALYZER_NONNULL = YES;
				CLANG_ANALYZER_NUMBER_OBJECT_CONVERSION = YES_AGGRESSIVE;
				CLANG_CXX_LANGUAGE_STANDARD = "gnu++14";
				CLANG_CXX_LIBRARY = "libc++";
				CLANG_ENABLE_MODULES = YES;
				CLANG_ENABLE_OBJC_ARC = YES;
				CLANG_ENABLE_OBJC_WEAK = YES;
				CLANG_WARN_BLOCK_CAPTURE_AUTORELEASING = YES;
				CLANG_WARN_BOOL_CONVERSION = YES;
				CLANG_WARN_COMMA = YES;
				CLANG_WARN_CONSTANT_CONVERSION = YES;
				CLANG_WARN_DEPRECATED_OBJC_IMPLEMENTATIONS = YES;
				CLANG_WARN_DIRECT_OBJC_ISA_USAGE = YES_ERROR;
				CLANG_WARN_DOCUMENTATION_COMMENTS = YES;
				CLANG_WARN_EMPTY_BODY = YES;
				CLANG_WARN_ENUM_CONVERSION = YES;
				CLANG_WARN_INFINITE_RECURSION = YES;
				CLANG_WARN_INT_CONVERSION = YES;
				CLANG_WARN_NON_LITERAL_NULL_CONVERSION = YES;
				CLANG_WARN_OBJC_IMPLICIT_RETAIN_SELF = YES;
				CLANG_WARN_OBJC_LITERAL_CONVERSION = YES;
				CLANG_WARN_OBJC_ROOT_CLASS = YES_ERROR;
				CLANG_WARN_RANGE_LOOP_ANALYSIS = YES;
				CLANG_WARN_STRICT_PROTOTYPES = YES;
				CLANG_WARN_SUSPICIOUS_MOVE = YES;
				CLANG_WARN_UNGUARDED_AVAILABILITY = YES_AGGRESSIVE;
				CLANG_WARN_UNREACHABLE_CODE = YES;
				CLANG_WARN__DUPLICATE_METHOD_MATCH = YES;
				COPY_PHASE_STRIP = NO;
				DEBUG_INFORMATION_FORMAT = dwarf;
				ENABLE_STRICT_OBJC_MSGSEND = YES;
				ENABLE_TESTABILITY = YES;
				GCC_C_LANGUAGE_STANDARD = gnu11;
				GCC_DYNAMIC_NO_PIC = NO;
				GCC_NO_COMMON_BLOCKS = YES;
				GCC_OPTIMIZATION_LEVEL = 0;
				GCC_PREPROCESSOR_DEFINITIONS = (
					"DEBUG=1",
					"$(inherited)",
				);
				GCC_WARN_64_TO_32_BIT_CONVERSION = YES;
				GCC_WARN_ABOUT_RETURN_TYPE = YES_ERROR;
				GCC_WARN_UNDECLARED_SELECTOR = YES;
				GCC_WARN_UNINITIALIZED_AUTOS = YES_AGGRESSIVE;
				GCC_WARN_UNUSED_FUNCTION = YES;
				GCC_WARN_UNUSED_VARIABLE = YES;
				IPHONEOS_DEPLOYMENT_TARGET = 13.7;
				MTL_ENABLE_DEBUG_INFO = INCLUDE_SOURCE;
				MTL_FAST_MATH = YES;
				ONLY_ACTIVE_ARCH = YES;
				SDKROOT = iphoneos;
				SWIFT_ACTIVE_COMPILATION_CONDITIONS = DEBUG;
				SWIFT_OPTIMIZATION_LEVEL = "-Onone";
			};
			name = Debug;
		};
		F245DCF625054653009A717A /* Release */ = {
			isa = XCBuildConfiguration;
			buildSettings = {
				ALWAYS_SEARCH_USER_PATHS = NO;
				CLANG_ANALYZER_NONNULL = YES;
				CLANG_ANALYZER_NUMBER_OBJECT_CONVERSION = YES_AGGRESSIVE;
				CLANG_CXX_LANGUAGE_STANDARD = "gnu++14";
				CLANG_CXX_LIBRARY = "libc++";
				CLANG_ENABLE_MODULES = YES;
				CLANG_ENABLE_OBJC_ARC = YES;
				CLANG_ENABLE_OBJC_WEAK = YES;
				CLANG_WARN_BLOCK_CAPTURE_AUTORELEASING = YES;
				CLANG_WARN_BOOL_CONVERSION = YES;
				CLANG_WARN_COMMA = YES;
				CLANG_WARN_CONSTANT_CONVERSION = YES;
				CLANG_WARN_DEPRECATED_OBJC_IMPLEMENTATIONS = YES;
				CLANG_WARN_DIRECT_OBJC_ISA_USAGE = YES_ERROR;
				CLANG_WARN_DOCUMENTATION_COMMENTS = YES;
				CLANG_WARN_EMPTY_BODY = YES;
				CLANG_WARN_ENUM_CONVERSION = YES;
				CLANG_WARN_INFINITE_RECURSION = YES;
				CLANG_WARN_INT_CONVERSION = YES;
				CLANG_WARN_NON_LITERAL_NULL_CONVERSION = YES;
				CLANG_WARN_OBJC_IMPLICIT_RETAIN_SELF = YES;
				CLANG_WARN_OBJC_LITERAL_CONVERSION = YES;
				CLANG_WARN_OBJC_ROOT_CLASS = YES_ERROR;
				CLANG_WARN_RANGE_LOOP_ANALYSIS = YES;
				CLANG_WARN_STRICT_PROTOTYPES = YES;
				CLANG_WARN_SUSPICIOUS_MOVE = YES;
				CLANG_WARN_UNGUARDED_AVAILABILITY = YES_AGGRESSIVE;
				CLANG_WARN_UNREACHABLE_CODE = YES;
				CLANG_WARN__DUPLICATE_METHOD_MATCH = YES;
				COPY_PHASE_STRIP = NO;
				DEBUG_INFORMATION_FORMAT = "dwarf-with-dsym";
				ENABLE_NS_ASSERTIONS = NO;
				ENABLE_STRICT_OBJC_MSGSEND = YES;
				GCC_C_LANGUAGE_STANDARD = gnu11;
				GCC_NO_COMMON_BLOCKS = YES;
				GCC_WARN_64_TO_32_BIT_CONVERSION = YES;
				GCC_WARN_ABOUT_RETURN_TYPE = YES_ERROR;
				GCC_WARN_UNDECLARED_SELECTOR = YES;
				GCC_WARN_UNINITIALIZED_AUTOS = YES_AGGRESSIVE;
				GCC_WARN_UNUSED_FUNCTION = YES;
				GCC_WARN_UNUSED_VARIABLE = YES;
				IPHONEOS_DEPLOYMENT_TARGET = 13.7;
				MTL_ENABLE_DEBUG_INFO = NO;
				MTL_FAST_MATH = YES;
				SDKROOT = iphoneos;
				SWIFT_COMPILATION_MODE = wholemodule;
				SWIFT_OPTIMIZATION_LEVEL = "-O";
				VALIDATE_PRODUCT = YES;
			};
			name = Release;
		};
		F245DCF825054653009A717A /* Debug */ = {
			isa = XCBuildConfiguration;
			buildSettings = {
				ASSETCATALOG_COMPILER_APPICON_NAME = AppIcon;
				CODE_SIGN_STYLE = Automatic;
				DEVELOPMENT_TEAM = LZB8X3995T;
				INFOPLIST_FILE = Slider/Info.plist;
				LD_RUNPATH_SEARCH_PATHS = (
					"$(inherited)",
					"@executable_path/Frameworks",
				);
				PRODUCT_BUNDLE_IDENTIFIER = com.kim.Slider;
				PRODUCT_NAME = "$(TARGET_NAME)";
				SWIFT_VERSION = 5.0;
				TARGETED_DEVICE_FAMILY = "1,2";
			};
			name = Debug;
		};
		F245DCF925054653009A717A /* Release */ = {
			isa = XCBuildConfiguration;
			buildSettings = {
				ASSETCATALOG_COMPILER_APPICON_NAME = AppIcon;
				CODE_SIGN_STYLE = Automatic;
				DEVELOPMENT_TEAM = LZB8X3995T;
				INFOPLIST_FILE = Slider/Info.plist;
				LD_RUNPATH_SEARCH_PATHS = (
					"$(inherited)",
					"@executable_path/Frameworks",
				);
				PRODUCT_BUNDLE_IDENTIFIER = com.kim.Slider;
				PRODUCT_NAME = "$(TARGET_NAME)";
				SWIFT_VERSION = 5.0;
				TARGETED_DEVICE_FAMILY = "1,2";
			};
			name = Release;
		};
/* End XCBuildConfiguration section */

/* Begin XCConfigurationList section */
		F245DCDA25054652009A717A /* Build configuration list for PBXProject "Slider" */ = {
			isa = XCConfigurationList;
			buildConfigurations = (
				F245DCF525054653009A717A /* Debug */,
				F245DCF625054653009A717A /* Release */,
			);
			defaultConfigurationIsVisible = 0;
			defaultConfigurationName = Release;
		};
		F245DCF725054653009A717A /* Build configuration list for PBXNativeTarget "Slider" */ = {
			isa = XCConfigurationList;
			buildConfigurations = (
				F245DCF825054653009A717A /* Debug */,
				F245DCF925054653009A717A /* Release */,
			);
			defaultConfigurationIsVisible = 0;
			defaultConfigurationName = Release;
		};
/* End XCConfigurationList section */
	};
	rootObject = F245DCD725054652009A717A /* Project object */;
}
